// !$*UTF8*$!
{
	archiveVersion = 1;
	classes = {
	};
	objectVersion = 55;
	objects = {

/* Begin PBXBuildFile section */
		779D47C8289D8B2E003BDDEE /* RadioCheckboxButton.docc in Sources */ = {isa = PBXBuildFile; fileRef = 779D47C7289D8B2E003BDDEE /* RadioCheckboxButton.docc */; };
		779D47D4289D8B2E003BDDEE /* RadioCheckboxButton.h in Headers */ = {isa = PBXBuildFile; fileRef = 779D47C6289D8B2E003BDDEE /* RadioCheckboxButton.h */; settings = {ATTRIBUTES = (Public, ); }; };
		779D47ED289D8B4E003BDDEE /* RadioButtonContainer.swift in Sources */ = {isa = PBXBuildFile; fileRef = 779D47DF289D8B4E003BDDEE /* RadioButtonContainer.swift */; };
		779D47EE289D8B4E003BDDEE /* RadioButtonColor.swift in Sources */ = {isa = PBXBuildFile; fileRef = 779D47E0289D8B4E003BDDEE /* RadioButtonColor.swift */; };
		779D47EF289D8B4E003BDDEE /* RadioButtonContainerView.swift in Sources */ = {isa = PBXBuildFile; fileRef = 779D47E1289D8B4E003BDDEE /* RadioButtonContainerView.swift */; };
		779D47F0289D8B4E003BDDEE /* RadioButtonCircleStyle.swift in Sources */ = {isa = PBXBuildFile; fileRef = 779D47E2289D8B4E003BDDEE /* RadioButtonCircleStyle.swift */; };
		779D47F1289D8B4E003BDDEE /* RadioButton.swift in Sources */ = {isa = PBXBuildFile; fileRef = 779D47E3289D8B4E003BDDEE /* RadioButton.swift */; };
		779D47F2289D8B4E003BDDEE /* CheckboxButton.swift in Sources */ = {isa = PBXBuildFile; fileRef = 779D47E5289D8B4E003BDDEE /* CheckboxButton.swift */; };
		779D47F3289D8B4E003BDDEE /* CheckboxButtonContainerView.swift in Sources */ = {isa = PBXBuildFile; fileRef = 779D47E6289D8B4E003BDDEE /* CheckboxButtonContainerView.swift */; };
		779D47F4289D8B4E003BDDEE /* CheckBoxColor.swift in Sources */ = {isa = PBXBuildFile; fileRef = 779D47E7289D8B4E003BDDEE /* CheckBoxColor.swift */; };
		779D47F5289D8B4E003BDDEE /* CheckboxButtonContainer.swift in Sources */ = {isa = PBXBuildFile; fileRef = 779D47E8289D8B4E003BDDEE /* CheckboxButtonContainer.swift */; };
		779D47F6289D8B4E003BDDEE /* CheckboxLineStyle.swift in Sources */ = {isa = PBXBuildFile; fileRef = 779D47E9289D8B4E003BDDEE /* CheckboxLineStyle.swift */; };
		779D47F7289D8B4E003BDDEE /* RadioCheckboxBaseContainer.swift in Sources */ = {isa = PBXBuildFile; fileRef = 779D47EB289D8B4E003BDDEE /* RadioCheckboxBaseContainer.swift */; };
		779D47F8289D8B4E003BDDEE /* RadioCheckboxBaseButton.swift in Sources */ = {isa = PBXBuildFile; fileRef = 779D47EC289D8B4E003BDDEE /* RadioCheckboxBaseButton.swift */; };
		779D4805289D8BA3003BDDEE /* Assets.xcassets in Resources */ = {isa = PBXBuildFile; fileRef = 779D47FB289D8BA3003BDDEE /* Assets.xcassets */; };
		779D4843289D8C5B003BDDEE /* RadioSampleViewController.swift in Sources */ = {isa = PBXBuildFile; fileRef = 779D47FA289D8BA3003BDDEE /* RadioSampleViewController.swift */; };
		779D4844289D8C68003BDDEE /* HomeViewController.swift in Sources */ = {isa = PBXBuildFile; fileRef = 779D47FD289D8BA3003BDDEE /* HomeViewController.swift */; };
		779D4845289D8C68003BDDEE /* CheckboxSampleViewController.swift in Sources */ = {isa = PBXBuildFile; fileRef = 779D47FC289D8BA3003BDDEE /* CheckboxSampleViewController.swift */; };
		779D4846289D8C71003BDDEE /* LaunchScreen.storyboard in Resources */ = {isa = PBXBuildFile; fileRef = 779D47FE289D8BA3003BDDEE /* LaunchScreen.storyboard */; };
		779D4847289D8C76003BDDEE /* Main.storyboard in Resources */ = {isa = PBXBuildFile; fileRef = 779D4800289D8BA3003BDDEE /* Main.storyboard */; };
		779D4848289D8C79003BDDEE /* AppDelegate.swift in Sources */ = {isa = PBXBuildFile; fileRef = 779D4802289D8BA3003BDDEE /* AppDelegate.swift */; };
/* End PBXBuildFile section */

/* Begin PBXFileReference section */
		779D47C3289D8B2E003BDDEE /* MBRadioButton.framework */ = {isa = PBXFileReference; explicitFileType = wrapper.framework; includeInIndex = 0; path = MBRadioButton.framework; sourceTree = BUILT_PRODUCTS_DIR; };
		779D47C6289D8B2E003BDDEE /* RadioCheckboxButton.h */ = {isa = PBXFileReference; lastKnownFileType = sourcecode.c.h; path = RadioCheckboxButton.h; sourceTree = "<group>"; };
		779D47C7289D8B2E003BDDEE /* RadioCheckboxButton.docc */ = {isa = PBXFileReference; lastKnownFileType = folder.documentationcatalog; path = RadioCheckboxButton.docc; sourceTree = "<group>"; };
		779D47DF289D8B4E003BDDEE /* RadioButtonContainer.swift */ = {isa = PBXFileReference; fileEncoding = 4; lastKnownFileType = sourcecode.swift; path = RadioButtonContainer.swift; sourceTree = "<group>"; };
		779D47E0289D8B4E003BDDEE /* RadioButtonColor.swift */ = {isa = PBXFileReference; fileEncoding = 4; lastKnownFileType = sourcecode.swift; path = RadioButtonColor.swift; sourceTree = "<group>"; };
		779D47E1289D8B4E003BDDEE /* RadioButtonContainerView.swift */ = {isa = PBXFileReference; fileEncoding = 4; lastKnownFileType = sourcecode.swift; path = RadioButtonContainerView.swift; sourceTree = "<group>"; };
		779D47E2289D8B4E003BDDEE /* RadioButtonCircleStyle.swift */ = {isa = PBXFileReference; fileEncoding = 4; lastKnownFileType = sourcecode.swift; path = RadioButtonCircleStyle.swift; sourceTree = "<group>"; };
		779D47E3289D8B4E003BDDEE /* RadioButton.swift */ = {isa = PBXFileReference; fileEncoding = 4; lastKnownFileType = sourcecode.swift; path = RadioButton.swift; sourceTree = "<group>"; };
		779D47E5289D8B4E003BDDEE /* CheckboxButton.swift */ = {isa = PBXFileReference; fileEncoding = 4; lastKnownFileType = sourcecode.swift; path = CheckboxButton.swift; sourceTree = "<group>"; };
		779D47E6289D8B4E003BDDEE /* CheckboxButtonContainerView.swift */ = {isa = PBXFileReference; fileEncoding = 4; lastKnownFileType = sourcecode.swift; path = CheckboxButtonContainerView.swift; sourceTree = "<group>"; };
		779D47E7289D8B4E003BDDEE /* CheckBoxColor.swift */ = {isa = PBXFileReference; fileEncoding = 4; lastKnownFileType = sourcecode.swift; path = CheckBoxColor.swift; sourceTree = "<group>"; };
		779D47E8289D8B4E003BDDEE /* CheckboxButtonContainer.swift */ = {isa = PBXFileReference; fileEncoding = 4; lastKnownFileType = sourcecode.swift; path = CheckboxButtonContainer.swift; sourceTree = "<group>"; };
		779D47E9289D8B4E003BDDEE /* CheckboxLineStyle.swift */ = {isa = PBXFileReference; fileEncoding = 4; lastKnownFileType = sourcecode.swift; path = CheckboxLineStyle.swift; sourceTree = "<group>"; };
		779D47EB289D8B4E003BDDEE /* RadioCheckboxBaseContainer.swift */ = {isa = PBXFileReference; fileEncoding = 4; lastKnownFileType = sourcecode.swift; path = RadioCheckboxBaseContainer.swift; sourceTree = "<group>"; };
		779D47EC289D8B4E003BDDEE /* RadioCheckboxBaseButton.swift */ = {isa = PBXFileReference; fileEncoding = 4; lastKnownFileType = sourcecode.swift; path = RadioCheckboxBaseButton.swift; sourceTree = "<group>"; };
		779D47FA289D8BA3003BDDEE /* RadioSampleViewController.swift */ = {isa = PBXFileReference; fileEncoding = 4; lastKnownFileType = sourcecode.swift; path = RadioSampleViewController.swift; sourceTree = "<group>"; };
		779D47FB289D8BA3003BDDEE /* Assets.xcassets */ = {isa = PBXFileReference; lastKnownFileType = folder.assetcatalog; path = Assets.xcassets; sourceTree = "<group>"; };
		779D47FC289D8BA3003BDDEE /* CheckboxSampleViewController.swift */ = {isa = PBXFileReference; fileEncoding = 4; lastKnownFileType = sourcecode.swift; path = CheckboxSampleViewController.swift; sourceTree = "<group>"; };
		779D47FD289D8BA3003BDDEE /* HomeViewController.swift */ = {isa = PBXFileReference; fileEncoding = 4; lastKnownFileType = sourcecode.swift; path = HomeViewController.swift; sourceTree = "<group>"; };
		779D47FF289D8BA3003BDDEE /* Base */ = {isa = PBXFileReference; lastKnownFileType = file.storyboard; name = Base; path = Base.lproj/LaunchScreen.storyboard; sourceTree = "<group>"; };
		779D4801289D8BA3003BDDEE /* Base */ = {isa = PBXFileReference; lastKnownFileType = file.storyboard; name = Base; path = Base.lproj/Main.storyboard; sourceTree = "<group>"; };
		779D4802289D8BA3003BDDEE /* AppDelegate.swift */ = {isa = PBXFileReference; fileEncoding = 4; lastKnownFileType = sourcecode.swift; path = AppDelegate.swift; sourceTree = "<group>"; };
		779D4803289D8BA3003BDDEE /* Info.plist */ = {isa = PBXFileReference; fileEncoding = 4; lastKnownFileType = text.plist.xml; path = Info.plist; sourceTree = "<group>"; };
		779D4810289D8C4E003BDDEE /* Demo.app */ = {isa = PBXFileReference; explicitFileType = wrapper.application; includeInIndex = 0; path = Demo.app; sourceTree = BUILT_PRODUCTS_DIR; };
/* End PBXFileReference section */

/* Begin PBXFrameworksBuildPhase section */
		779D47C0289D8B2E003BDDEE /* Frameworks */ = {
			isa = PBXFrameworksBuildPhase;
			buildActionMask = 2147483647;
			files = (
			);
			runOnlyForDeploymentPostprocessing = 0;
		};
		779D480D289D8C4E003BDDEE /* Frameworks */ = {
			isa = PBXFrameworksBuildPhase;
			buildActionMask = 2147483647;
			files = (
			);
			runOnlyForDeploymentPostprocessing = 0;
		};
/* End PBXFrameworksBuildPhase section */

/* Begin PBXGroup section */
		779D47B9289D8B2E003BDDEE = {
			isa = PBXGroup;
			children = (
				779D47C4289D8B2E003BDDEE /* Products */,
				779D47F9289D8BA3003BDDEE /* Demo */,
				779D47C5289D8B2E003BDDEE /* MBRadioButton */,
			);
			sourceTree = "<group>";
		};
		779D47C4289D8B2E003BDDEE /* Products */ = {
			isa = PBXGroup;
			children = (
				779D47C3289D8B2E003BDDEE /* MBRadioButton.framework */,
				779D4810289D8C4E003BDDEE /* Demo.app */,
			);
			name = Products;
			sourceTree = "<group>";
		};
		779D47C5289D8B2E003BDDEE /* MBRadioButton */ = {
			isa = PBXGroup;
			children = (
				779D47DD289D8B4E003BDDEE /* Source */,
				779D47C6289D8B2E003BDDEE /* RadioCheckboxButton.h */,
				779D47C7289D8B2E003BDDEE /* RadioCheckboxButton.docc */,
			);
			path = MBRadioButton;
			sourceTree = "<group>";
		};
		779D47DD289D8B4E003BDDEE /* Source */ = {
			isa = PBXGroup;
			children = (
				779D47DE289D8B4E003BDDEE /* RadioButton */,
				779D47E4289D8B4E003BDDEE /* CheckboxButton */,
				779D47EA289D8B4E003BDDEE /* BaseButton */,
			);
			path = Source;
			sourceTree = "<group>";
		};
		779D47DE289D8B4E003BDDEE /* RadioButton */ = {
			isa = PBXGroup;
			children = (
				779D47DF289D8B4E003BDDEE /* RadioButtonContainer.swift */,
				779D47E0289D8B4E003BDDEE /* RadioButtonColor.swift */,
				779D47E1289D8B4E003BDDEE /* RadioButtonContainerView.swift */,
				779D47E2289D8B4E003BDDEE /* RadioButtonCircleStyle.swift */,
				779D47E3289D8B4E003BDDEE /* RadioButton.swift */,
			);
			path = RadioButton;
			sourceTree = "<group>";
		};
		779D47E4289D8B4E003BDDEE /* CheckboxButton */ = {
			isa = PBXGroup;
			children = (
				779D47E5289D8B4E003BDDEE /* CheckboxButton.swift */,
				779D47E6289D8B4E003BDDEE /* CheckboxButtonContainerView.swift */,
				779D47E7289D8B4E003BDDEE /* CheckBoxColor.swift */,
				779D47E8289D8B4E003BDDEE /* CheckboxButtonContainer.swift */,
				779D47E9289D8B4E003BDDEE /* CheckboxLineStyle.swift */,
			);
			path = CheckboxButton;
			sourceTree = "<group>";
		};
		779D47EA289D8B4E003BDDEE /* BaseButton */ = {
			isa = PBXGroup;
			children = (
				779D47EB289D8B4E003BDDEE /* RadioCheckboxBaseContainer.swift */,
				779D47EC289D8B4E003BDDEE /* RadioCheckboxBaseButton.swift */,
			);
			path = BaseButton;
			sourceTree = "<group>";
		};
		779D47F9289D8BA3003BDDEE /* Demo */ = {
			isa = PBXGroup;
			children = (
				779D47FA289D8BA3003BDDEE /* RadioSampleViewController.swift */,
				779D47FB289D8BA3003BDDEE /* Assets.xcassets */,
				779D47FC289D8BA3003BDDEE /* CheckboxSampleViewController.swift */,
				779D47FD289D8BA3003BDDEE /* HomeViewController.swift */,
				779D47FE289D8BA3003BDDEE /* LaunchScreen.storyboard */,
				779D4800289D8BA3003BDDEE /* Main.storyboard */,
				779D4802289D8BA3003BDDEE /* AppDelegate.swift */,
				779D4803289D8BA3003BDDEE /* Info.plist */,
			);
			path = Demo;
			sourceTree = "<group>";
		};
/* End PBXGroup section */

/* Begin PBXHeadersBuildPhase section */
		779D47BE289D8B2E003BDDEE /* Headers */ = {
			isa = PBXHeadersBuildPhase;
			buildActionMask = 2147483647;
			files = (
				779D47D4289D8B2E003BDDEE /* RadioCheckboxButton.h in Headers */,
			);
			runOnlyForDeploymentPostprocessing = 0;
		};
/* End PBXHeadersBuildPhase section */

/* Begin PBXNativeTarget section */
		779D47C2289D8B2E003BDDEE /* MBRadioButton */ = {
			isa = PBXNativeTarget;
			buildConfigurationList = 779D47D7289D8B2E003BDDEE /* Build configuration list for PBXNativeTarget "MBRadioButton" */;
			buildPhases = (
				779D47BE289D8B2E003BDDEE /* Headers */,
				779D47BF289D8B2E003BDDEE /* Sources */,
				779D47C0289D8B2E003BDDEE /* Frameworks */,
				779D47C1289D8B2E003BDDEE /* Resources */,
			);
			buildRules = (
			);
			dependencies = (
			);
			name = MBRadioButton;
			productName = RadioCheckboxButton;
			productReference = 779D47C3289D8B2E003BDDEE /* MBRadioButton.framework */;
			productType = "com.apple.product-type.framework";
		};
		779D480F289D8C4E003BDDEE /* Demo */ = {
			isa = PBXNativeTarget;
			buildConfigurationList = 779D4840289D8C52003BDDEE /* Build configuration list for PBXNativeTarget "Demo" */;
			buildPhases = (
				779D480C289D8C4E003BDDEE /* Sources */,
				779D480D289D8C4E003BDDEE /* Frameworks */,
				779D480E289D8C4E003BDDEE /* Resources */,
			);
			buildRules = (
			);
			dependencies = (
			);
			name = Demo;
			productName = Demo;
			productReference = 779D4810289D8C4E003BDDEE /* Demo.app */;
			productType = "com.apple.product-type.application";
		};
/* End PBXNativeTarget section */

/* Begin PBXProject section */
		779D47BA289D8B2E003BDDEE /* Project object */ = {
			isa = PBXProject;
			attributes = {
				BuildIndependentTargetsInParallel = 1;
				LastSwiftUpdateCheck = 1340;
				LastUpgradeCheck = 1340;
				TargetAttributes = {
					779D47C2289D8B2E003BDDEE = {
						CreatedOnToolsVersion = 13.4.1;
					};
					779D480F289D8C4E003BDDEE = {
						CreatedOnToolsVersion = 13.4.1;
					};
				};
			};
			buildConfigurationList = 779D47BD289D8B2E003BDDEE /* Build configuration list for PBXProject "RadioCheckboxButton" */;
			compatibilityVersion = "Xcode 13.0";
			developmentRegion = en;
			hasScannedForEncodings = 0;
			knownRegions = (
				en,
				Base,
			);
			mainGroup = 779D47B9289D8B2E003BDDEE;
			productRefGroup = 779D47C4289D8B2E003BDDEE /* Products */;
			projectDirPath = "";
			projectRoot = "";
			targets = (
				779D47C2289D8B2E003BDDEE /* MBRadioButton */,
				779D480F289D8C4E003BDDEE /* Demo */,
			);
		};
/* End PBXProject section */

/* Begin PBXResourcesBuildPhase section */
		779D47C1289D8B2E003BDDEE /* Resources */ = {
			isa = PBXResourcesBuildPhase;
			buildActionMask = 2147483647;
			files = (
				779D4805289D8BA3003BDDEE /* Assets.xcassets in Resources */,
			);
			runOnlyForDeploymentPostprocessing = 0;
		};
		779D480E289D8C4E003BDDEE /* Resources */ = {
			isa = PBXResourcesBuildPhase;
			buildActionMask = 2147483647;
			files = (
				779D4847289D8C76003BDDEE /* Main.storyboard in Resources */,
				779D4846289D8C71003BDDEE /* LaunchScreen.storyboard in Resources */,
			);
			runOnlyForDeploymentPostprocessing = 0;
		};
/* End PBXResourcesBuildPhase section */

/* Begin PBXSourcesBuildPhase section */
		779D47BF289D8B2E003BDDEE /* Sources */ = {
			isa = PBXSourcesBuildPhase;
			buildActionMask = 2147483647;
			files = (
				779D47F6289D8B4E003BDDEE /* CheckboxLineStyle.swift in Sources */,
				779D47F4289D8B4E003BDDEE /* CheckBoxColor.swift in Sources */,
				779D47EE289D8B4E003BDDEE /* RadioButtonColor.swift in Sources */,
				779D47F2289D8B4E003BDDEE /* CheckboxButton.swift in Sources */,
				779D47C8289D8B2E003BDDEE /* RadioCheckboxButton.docc in Sources */,
				779D47F5289D8B4E003BDDEE /* CheckboxButtonContainer.swift in Sources */,
				779D47F0289D8B4E003BDDEE /* RadioButtonCircleStyle.swift in Sources */,
				779D47F1289D8B4E003BDDEE /* RadioButton.swift in Sources */,
				779D47EF289D8B4E003BDDEE /* RadioButtonContainerView.swift in Sources */,
				779D47F8289D8B4E003BDDEE /* RadioCheckboxBaseButton.swift in Sources */,
				779D47ED289D8B4E003BDDEE /* RadioButtonContainer.swift in Sources */,
				779D47F7289D8B4E003BDDEE /* RadioCheckboxBaseContainer.swift in Sources */,
				779D47F3289D8B4E003BDDEE /* CheckboxButtonContainerView.swift in Sources */,
			);
			runOnlyForDeploymentPostprocessing = 0;
		};
		779D480C289D8C4E003BDDEE /* Sources */ = {
			isa = PBXSourcesBuildPhase;
			buildActionMask = 2147483647;
			files = (
				779D4848289D8C79003BDDEE /* AppDelegate.swift in Sources */,
				779D4843289D8C5B003BDDEE /* RadioSampleViewController.swift in Sources */,
				779D4845289D8C68003BDDEE /* CheckboxSampleViewController.swift in Sources */,
				779D4844289D8C68003BDDEE /* HomeViewController.swift in Sources */,
			);
			runOnlyForDeploymentPostprocessing = 0;
		};
/* End PBXSourcesBuildPhase section */

/* Begin PBXVariantGroup section */
		779D47FE289D8BA3003BDDEE /* LaunchScreen.storyboard */ = {
			isa = PBXVariantGroup;
			children = (
				779D47FF289D8BA3003BDDEE /* Base */,
			);
			name = LaunchScreen.storyboard;
			sourceTree = "<group>";
		};
		779D4800289D8BA3003BDDEE /* Main.storyboard */ = {
			isa = PBXVariantGroup;
			children = (
				779D4801289D8BA3003BDDEE /* Base */,
			);
			name = Main.storyboard;
			sourceTree = "<group>";
		};
/* End PBXVariantGroup section */

/* Begin XCBuildConfiguration section */
		779D47D5289D8B2E003BDDEE /* Debug */ = {
			isa = XCBuildConfiguration;
			buildSettings = {
				ALWAYS_SEARCH_USER_PATHS = NO;
				CLANG_ANALYZER_NONNULL = YES;
				CLANG_ANALYZER_NUMBER_OBJECT_CONVERSION = YES_AGGRESSIVE;
				CLANG_CXX_LANGUAGE_STANDARD = "gnu++17";
				CLANG_ENABLE_MODULES = YES;
				CLANG_ENABLE_OBJC_ARC = YES;
				CLANG_ENABLE_OBJC_WEAK = YES;
				CLANG_WARN_BLOCK_CAPTURE_AUTORELEASING = YES;
				CLANG_WARN_BOOL_CONVERSION = YES;
				CLANG_WARN_COMMA = YES;
				CLANG_WARN_CONSTANT_CONVERSION = YES;
				CLANG_WARN_DEPRECATED_OBJC_IMPLEMENTATIONS = YES;
				CLANG_WARN_DIRECT_OBJC_ISA_USAGE = YES_ERROR;
				CLANG_WARN_DOCUMENTATION_COMMENTS = YES;
				CLANG_WARN_EMPTY_BODY = YES;
				CLANG_WARN_ENUM_CONVERSION = YES;
				CLANG_WARN_INFINITE_RECURSION = YES;
				CLANG_WARN_INT_CONVERSION = YES;
				CLANG_WARN_NON_LITERAL_NULL_CONVERSION = YES;
				CLANG_WARN_OBJC_IMPLICIT_RETAIN_SELF = YES;
				CLANG_WARN_OBJC_LITERAL_CONVERSION = YES;
				CLANG_WARN_OBJC_ROOT_CLASS = YES_ERROR;
				CLANG_WARN_QUOTED_INCLUDE_IN_FRAMEWORK_HEADER = YES;
				CLANG_WARN_RANGE_LOOP_ANALYSIS = YES;
				CLANG_WARN_STRICT_PROTOTYPES = YES;
				CLANG_WARN_SUSPICIOUS_MOVE = YES;
				CLANG_WARN_UNGUARDED_AVAILABILITY = YES_AGGRESSIVE;
				CLANG_WARN_UNREACHABLE_CODE = YES;
				CLANG_WARN__DUPLICATE_METHOD_MATCH = YES;
				COPY_PHASE_STRIP = NO;
				CURRENT_PROJECT_VERSION = 1;
				DEBUG_INFORMATION_FORMAT = dwarf;
				ENABLE_STRICT_OBJC_MSGSEND = YES;
				ENABLE_TESTABILITY = YES;
				GCC_C_LANGUAGE_STANDARD = gnu11;
				GCC_DYNAMIC_NO_PIC = NO;
				GCC_NO_COMMON_BLOCKS = YES;
				GCC_OPTIMIZATION_LEVEL = 0;
				GCC_PREPROCESSOR_DEFINITIONS = (
					"DEBUG=1",
					"$(inherited)",
				);
				GCC_WARN_64_TO_32_BIT_CONVERSION = YES;
				GCC_WARN_ABOUT_RETURN_TYPE = YES_ERROR;
				GCC_WARN_UNDECLARED_SELECTOR = YES;
				GCC_WARN_UNINITIALIZED_AUTOS = YES_AGGRESSIVE;
				GCC_WARN_UNUSED_FUNCTION = YES;
				GCC_WARN_UNUSED_VARIABLE = YES;
				IPHONEOS_DEPLOYMENT_TARGET = 15.5;
				MTL_ENABLE_DEBUG_INFO = INCLUDE_SOURCE;
				MTL_FAST_MATH = YES;
				ONLY_ACTIVE_ARCH = YES;
				SDKROOT = iphoneos;
				SWIFT_ACTIVE_COMPILATION_CONDITIONS = DEBUG;
				SWIFT_OPTIMIZATION_LEVEL = "-Onone";
				VERSIONING_SYSTEM = "apple-generic";
				VERSION_INFO_PREFIX = "";
			};
			name = Debug;
		};
		779D47D6289D8B2E003BDDEE /* Release */ = {
			isa = XCBuildConfiguration;
			buildSettings = {
				ALWAYS_SEARCH_USER_PATHS = NO;
				CLANG_ANALYZER_NONNULL = YES;
				CLANG_ANALYZER_NUMBER_OBJECT_CONVERSION = YES_AGGRESSIVE;
				CLANG_CXX_LANGUAGE_STANDARD = "gnu++17";
				CLANG_ENABLE_MODULES = YES;
				CLANG_ENABLE_OBJC_ARC = YES;
				CLANG_ENABLE_OBJC_WEAK = YES;
				CLANG_WARN_BLOCK_CAPTURE_AUTORELEASING = YES;
				CLANG_WARN_BOOL_CONVERSION = YES;
				CLANG_WARN_COMMA = YES;
				CLANG_WARN_CONSTANT_CONVERSION = YES;
				CLANG_WARN_DEPRECATED_OBJC_IMPLEMENTATIONS = YES;
				CLANG_WARN_DIRECT_OBJC_ISA_USAGE = YES_ERROR;
				CLANG_WARN_DOCUMENTATION_COMMENTS = YES;
				CLANG_WARN_EMPTY_BODY = YES;
				CLANG_WARN_ENUM_CONVERSION = YES;
				CLANG_WARN_INFINITE_RECURSION = YES;
				CLANG_WARN_INT_CONVERSION = YES;
				CLANG_WARN_NON_LITERAL_NULL_CONVERSION = YES;
				CLANG_WARN_OBJC_IMPLICIT_RETAIN_SELF = YES;
				CLANG_WARN_OBJC_LITERAL_CONVERSION = YES;
				CLANG_WARN_OBJC_ROOT_CLASS = YES_ERROR;
				CLANG_WARN_QUOTED_INCLUDE_IN_FRAMEWORK_HEADER = YES;
				CLANG_WARN_RANGE_LOOP_ANALYSIS = YES;
				CLANG_WARN_STRICT_PROTOTYPES = YES;
				CLANG_WARN_SUSPICIOUS_MOVE = YES;
				CLANG_WARN_UNGUARDED_AVAILABILITY = YES_AGGRESSIVE;
				CLANG_WARN_UNREACHABLE_CODE = YES;
				CLANG_WARN__DUPLICATE_METHOD_MATCH = YES;
				COPY_PHASE_STRIP = NO;
				CURRENT_PROJECT_VERSION = 1;
				DEBUG_INFORMATION_FORMAT = "dwarf-with-dsym";
				ENABLE_NS_ASSERTIONS = NO;
				ENABLE_STRICT_OBJC_MSGSEND = YES;
				GCC_C_LANGUAGE_STANDARD = gnu11;
				GCC_NO_COMMON_BLOCKS = YES;
				GCC_WARN_64_TO_32_BIT_CONVERSION = YES;
				GCC_WARN_ABOUT_RETURN_TYPE = YES_ERROR;
				GCC_WARN_UNDECLARED_SELECTOR = YES;
				GCC_WARN_UNINITIALIZED_AUTOS = YES_AGGRESSIVE;
				GCC_WARN_UNUSED_FUNCTION = YES;
				GCC_WARN_UNUSED_VARIABLE = YES;
				IPHONEOS_DEPLOYMENT_TARGET = 15.5;
				MTL_ENABLE_DEBUG_INFO = NO;
				MTL_FAST_MATH = YES;
				SDKROOT = iphoneos;
				SWIFT_COMPILATION_MODE = wholemodule;
				SWIFT_OPTIMIZATION_LEVEL = "-O";
				VALIDATE_PRODUCT = YES;
				VERSIONING_SYSTEM = "apple-generic";
				VERSION_INFO_PREFIX = "";
			};
			name = Release;
		};
		779D47D8289D8B2E003BDDEE /* Debug */ = {
			isa = XCBuildConfiguration;
			buildSettings = {
				CODE_SIGN_STYLE = Automatic;
				CURRENT_PROJECT_VERSION = 1;
				DEFINES_MODULE = YES;
				DEVELOPMENT_TEAM = V2HE6N3YX4;
				DYLIB_COMPATIBILITY_VERSION = 1;
				DYLIB_CURRENT_VERSION = 1;
				DYLIB_INSTALL_NAME_BASE = "@rpath";
				GENERATE_INFOPLIST_FILE = YES;
				INFOPLIST_KEY_NSHumanReadableCopyright = "";
				INSTALL_PATH = "$(LOCAL_LIBRARY_DIR)/Frameworks";
				IPHONEOS_DEPLOYMENT_TARGET = 9.0;
				LD_RUNPATH_SEARCH_PATHS = (
					"$(inherited)",
					"@executable_path/Frameworks",
					"@loader_path/Frameworks",
				);
				MARKETING_VERSION = 1.0;
				PRODUCT_BUNDLE_IDENTIFIER = com.swifty.ios.radiocheckboxDemo.RadioCheckboxButton;
				PRODUCT_NAME = "$(TARGET_NAME:c99extidentifier)";
				SKIP_INSTALL = YES;
				SUPPORTS_MACCATALYST = NO;
				SWIFT_EMIT_LOC_STRINGS = YES;
				SWIFT_VERSION = 5.0;
				TARGETED_DEVICE_FAMILY = "1,2";
			};
			name = Debug;
		};
		779D47D9289D8B2E003BDDEE /* Release */ = {
			isa = XCBuildConfiguration;
			buildSettings = {
				CODE_SIGN_STYLE = Automatic;
				CURRENT_PROJECT_VERSION = 1;
				DEFINES_MODULE = YES;
				DEVELOPMENT_TEAM = V2HE6N3YX4;
				DYLIB_COMPATIBILITY_VERSION = 1;
				DYLIB_CURRENT_VERSION = 1;
				DYLIB_INSTALL_NAME_BASE = "@rpath";
				GENERATE_INFOPLIST_FILE = YES;
				INFOPLIST_KEY_NSHumanReadableCopyright = "";
				INSTALL_PATH = "$(LOCAL_LIBRARY_DIR)/Frameworks";
				IPHONEOS_DEPLOYMENT_TARGET = 9.0;
				LD_RUNPATH_SEARCH_PATHS = (
					"$(inherited)",
					"@executable_path/Frameworks",
					"@loader_path/Frameworks",
				);
				MARKETING_VERSION = 1.0;
				PRODUCT_BUNDLE_IDENTIFIER = com.swifty.ios.radiocheckboxDemo.RadioCheckboxButton;
				PRODUCT_NAME = "$(TARGET_NAME:c99extidentifier)";
				SKIP_INSTALL = YES;
				SUPPORTS_MACCATALYST = NO;
				SWIFT_EMIT_LOC_STRINGS = YES;
				SWIFT_VERSION = 5.0;
				TARGETED_DEVICE_FAMILY = "1,2";
			};
			name = Release;
		};
		779D483A289D8C52003BDDEE /* Debug */ = {
			isa = XCBuildConfiguration;
			buildSettings = {
				ASSETCATALOG_COMPILER_APPICON_NAME = AppIcon;
				ASSETCATALOG_COMPILER_GLOBAL_ACCENT_COLOR_NAME = AccentColor;
				CODE_SIGN_STYLE = Automatic;
				CURRENT_PROJECT_VERSION = 1;
				DEVELOPMENT_TEAM = V2HE6N3YX4;
				GENERATE_INFOPLIST_FILE = YES;
				INFOPLIST_FILE = Demo/Info.plist;
				INFOPLIST_KEY_UIApplicationSupportsIndirectInputEvents = YES;
				INFOPLIST_KEY_UILaunchStoryboardName = LaunchScreen;
				INFOPLIST_KEY_UISupportedInterfaceOrientations_iPad = "UIInterfaceOrientationPortrait UIInterfaceOrientationPortraitUpsideDown UIInterfaceOrientationLandscapeLeft UIInterfaceOrientationLandscapeRight";
				INFOPLIST_KEY_UISupportedInterfaceOrientations_iPhone = "UIInterfaceOrientationPortrait UIInterfaceOrientationLandscapeLeft UIInterfaceOrientationLandscapeRight";
				LD_RUNPATH_SEARCH_PATHS = (
					"$(inherited)",
					"@executable_path/Frameworks",
				);
				MARKETING_VERSION = 1.0;
				PRODUCT_BUNDLE_IDENTIFIER = com.swifty.ios.radiocheckboxDemo.Demo;
				PRODUCT_NAME = "$(TARGET_NAME)";
				SWIFT_EMIT_LOC_STRINGS = YES;
				SWIFT_VERSION = 5.0;
				TARGETED_DEVICE_FAMILY = "1,2";
			};
			name = Debug;
		};
		779D483B289D8C52003BDDEE /* Release */ = {
			isa = XCBuildConfiguration;
			buildSettings = {
				ASSETCATALOG_COMPILER_APPICON_NAME = AppIcon;
				ASSETCATALOG_COMPILER_GLOBAL_ACCENT_COLOR_NAME = AccentColor;
				CODE_SIGN_STYLE = Automatic;
				CURRENT_PROJECT_VERSION = 1;
				DEVELOPMENT_TEAM = V2HE6N3YX4;
				GENERATE_INFOPLIST_FILE = YES;
				INFOPLIST_FILE = Demo/Info.plist;
				INFOPLIST_KEY_UIApplicationSupportsIndirectInputEvents = YES;
				INFOPLIST_KEY_UILaunchStoryboardName = LaunchScreen;
				INFOPLIST_KEY_UISupportedInterfaceOrientations_iPad = "UIInterfaceOrientationPortrait UIInterfaceOrientationPortraitUpsideDown UIInterfaceOrientationLandscapeLeft UIInterfaceOrientationLandscapeRight";
				INFOPLIST_KEY_UISupportedInterfaceOrientations_iPhone = "UIInterfaceOrientationPortrait UIInterfaceOrientationLandscapeLeft UIInterfaceOrientationLandscapeRight";
				LD_RUNPATH_SEARCH_PATHS = (
					"$(inherited)",
					"@executable_path/Frameworks",
				);
				MARKETING_VERSION = 1.0;
				PRODUCT_BUNDLE_IDENTIFIER = com.swifty.ios.radiocheckboxDemo.Demo;
				PRODUCT_NAME = "$(TARGET_NAME)";
				SWIFT_EMIT_LOC_STRINGS = YES;
				SWIFT_VERSION = 5.0;
				TARGETED_DEVICE_FAMILY = "1,2";
			};
			name = Release;
		};
/* End XCBuildConfiguration section */

/* Begin XCConfigurationList section */
		779D47BD289D8B2E003BDDEE /* Build configuration list for PBXProject "RadioCheckboxButton" */ = {
			isa = XCConfigurationList;
			buildConfigurations = (
				779D47D5289D8B2E003BDDEE /* Debug */,
				779D47D6289D8B2E003BDDEE /* Release */,
			);
			defaultConfigurationIsVisible = 0;
			defaultConfigurationName = Release;
		};
		779D47D7289D8B2E003BDDEE /* Build configuration list for PBXNativeTarget "MBRadioButton" */ = {
			isa = XCConfigurationList;
			buildConfigurations = (
				779D47D8289D8B2E003BDDEE /* Debug */,
				779D47D9289D8B2E003BDDEE /* Release */,
			);
			defaultConfigurationIsVisible = 0;
			defaultConfigurationName = Release;
		};
		779D4840289D8C52003BDDEE /* Build configuration list for PBXNativeTarget "Demo" */ = {
			isa = XCConfigurationList;
			buildConfigurations = (
				779D483A289D8C52003BDDEE /* Debug */,
				779D483B289D8C52003BDDEE /* Release */,
			);
			defaultConfigurationIsVisible = 0;
			defaultConfigurationName = Release;
		};
/* End XCConfigurationList section */
	};
	rootObject = 779D47BA289D8B2E003BDDEE /* Project object */;
}
